
Microsoft Visual Studio Solution File, Format Version 12.00
# Visual Studio Version 16
VisualStudioVersion = 16.0.31205.134
MinimumVisualStudioVersion = 10.0.40219.1
Project("{FAE04EC0-301F-11D3-BF4B-00C04F79EFBC}") = "WpfApp1", "WpfApp1\WpfApp1.csproj", "{59854CBE-0422-48E4-BBD7-1049D1351DDE}"
EndProject
Global
	GlobalSection(SolutionConfigurationPlatforms) = preSolution
		Debug|Any CPU = Debug|Any CPU
		Release|Any CPU = Release|Any CPU
	EndGlobalSection
	GlobalSection(ProjectConfigurationPlatforms) = postSolution
		{59854CBE-0422-48E4-BBD7-1049D1351DDE}.Debug|Any CPU.ActiveCfg = Debug|Any CPU
		{59854CBE-0422-48E4-BBD7-1049D1351DDE}.Debug|Any CPU.Build.0 = Debug|Any CPU
		{59854CBE-0422-48E4-BBD7-1049D1351DDE}.Release|Any CPU.ActiveCfg = Release|Any CPU
		{59854CBE-0422-48E4-BBD7-1049D1351DDE}.Release|Any CPU.Build.0 = Release|Any CPU
	EndGlobalSection
	GlobalSection(SolutionProperties) = preSolution
		HideSolutionNode = FALSE
	EndGlobalSection
	GlobalSection(ExtensibilityGlobals) = postSolution
		SolutionGuid = {6DE9F590-D573-4203-ADED-B02CC51978A5}
	EndGlobalSection
EndGlobal
